
Microsoft Visual Studio Solution File, Format Version 12.00
# Visual Studio Version 17
VisualStudioVersion = 17.7.34031.279
MinimumVisualStudioVersion = 10.0.40219.1
Project("{FAE04EC0-301F-11D3-BF4B-00C04F79EFBC}") = "Pared_3D", "Pared_3D\Pared_3D.csproj", "{AF7EB8CF-B705-49BF-9467-764F89593642}"
EndProject
Global
	GlobalSection(SolutionConfigurationPlatforms) = preSolution
		Debug|Any CPU = Debug|Any CPU
		Release|Any CPU = Release|Any CPU
	EndGlobalSection
	GlobalSection(ProjectConfigurationPlatforms) = postSolution
		{AF7EB8CF-B705-49BF-9467-764F89593642}.Debug|Any CPU.ActiveCfg = Debug|Any CPU
		{AF7EB8CF-B705-49BF-9467-764F89593642}.Debug|Any CPU.Build.0 = Debug|Any CPU
		{AF7EB8CF-B705-49BF-9467-764F89593642}.Release|Any CPU.ActiveCfg = Release|Any CPU
		{AF7EB8CF-B705-49BF-9467-764F89593642}.Release|Any CPU.Build.0 = Release|Any CPU
	EndGlobalSection
	GlobalSection(SolutionProperties) = preSolution
		HideSolutionNode = FALSE
	EndGlobalSection
	GlobalSection(ExtensibilityGlobals) = postSolution
		SolutionGuid = {DC383A67-C9E6-44E2-B366-42FC2F958A45}
	EndGlobalSection
EndGlobal
