
Microsoft Visual Studio Solution File, Format Version 12.00
# Visual Studio Version 17
VisualStudioVersion = 17.13.35806.99 d17.13
MinimumVisualStudioVersion = 10.0.40219.1
Project("{FAE04EC0-301F-11D3-BF4B-00C04F79EFBC}") = "crearFigruas3D", "crearFigruas3D\crearFigruas3D.csproj", "{75233CC6-D38F-4200-85B3-0B2B717846EB}"
EndProject
Global
	GlobalSection(SolutionConfigurationPlatforms) = preSolution
		Debug|Any CPU = Debug|Any CPU
		Release|Any CPU = Release|Any CPU
	EndGlobalSection
	GlobalSection(ProjectConfigurationPlatforms) = postSolution
		{75233CC6-D38F-4200-85B3-0B2B717846EB}.Debug|Any CPU.ActiveCfg = Debug|Any CPU
		{75233CC6-D38F-4200-85B3-0B2B717846EB}.Debug|Any CPU.Build.0 = Debug|Any CPU
		{75233CC6-D38F-4200-85B3-0B2B717846EB}.Release|Any CPU.ActiveCfg = Release|Any CPU
		{75233CC6-D38F-4200-85B3-0B2B717846EB}.Release|Any CPU.Build.0 = Release|Any CPU
	EndGlobalSection
	GlobalSection(SolutionProperties) = preSolution
		HideSolutionNode = FALSE
	EndGlobalSection
	GlobalSection(ExtensibilityGlobals) = postSolution
		SolutionGuid = {7250C685-2F5A-4F01-9F31-40BBD65E308E}
	EndGlobalSection
EndGlobal
