
Microsoft Visual Studio Solution File, Format Version 12.00
# Visual Studio Version 17
VisualStudioVersion = 17.2.32505.173
MinimumVisualStudioVersion = 10.0.40219.1
Project("{FAE04EC0-301F-11D3-BF4B-00C04F79EFBC}") = "ConsoleApp1", "ConsoleApp1.csproj", "{630DCBFB-55D4-4132-A698-9D4A728330B5}"
EndProject
Global
	GlobalSection(SolutionConfigurationPlatforms) = preSolution
		Debug|Any CPU = Debug|Any CPU
		Release|Any CPU = Release|Any CPU
	EndGlobalSection
	GlobalSection(ProjectConfigurationPlatforms) = postSolution
		{630DCBFB-55D4-4132-A698-9D4A728330B5}.Debug|Any CPU.ActiveCfg = Debug|Any CPU
		{630DCBFB-55D4-4132-A698-9D4A728330B5}.Debug|Any CPU.Build.0 = Debug|Any CPU
		{630DCBFB-55D4-4132-A698-9D4A728330B5}.Release|Any CPU.ActiveCfg = Release|Any CPU
		{630DCBFB-55D4-4132-A698-9D4A728330B5}.Release|Any CPU.Build.0 = Release|Any CPU
	EndGlobalSection
	GlobalSection(SolutionProperties) = preSolution
		HideSolutionNode = FALSE
	EndGlobalSection
	GlobalSection(ExtensibilityGlobals) = postSolution
		SolutionGuid = {1CE7FF7A-C346-4BAB-A70A-7165FBABCEF8}
	EndGlobalSection
EndGlobal
