
Microsoft Visual Studio Solution File, Format Version 12.00
# Visual Studio Version 16
VisualStudioVersion = 16.0.31729.503
MinimumVisualStudioVersion = 10.0.40219.1
Project("{FAE04EC0-301F-11D3-BF4B-00C04F79EFBC}") = "Proyecto1_01", "Proyecto1_01.csproj", "{41503A3C-06FC-4D75-9EE1-3DC952E2C0E4}"
EndProject
Global
	GlobalSection(SolutionConfigurationPlatforms) = preSolution
		Debug|Any CPU = Debug|Any CPU
		Release|Any CPU = Release|Any CPU
	EndGlobalSection
	GlobalSection(ProjectConfigurationPlatforms) = postSolution
		{41503A3C-06FC-4D75-9EE1-3DC952E2C0E4}.Debug|Any CPU.ActiveCfg = Debug|Any CPU
		{41503A3C-06FC-4D75-9EE1-3DC952E2C0E4}.Debug|Any CPU.Build.0 = Debug|Any CPU
		{41503A3C-06FC-4D75-9EE1-3DC952E2C0E4}.Release|Any CPU.ActiveCfg = Release|Any CPU
		{41503A3C-06FC-4D75-9EE1-3DC952E2C0E4}.Release|Any CPU.Build.0 = Release|Any CPU
	EndGlobalSection
	GlobalSection(SolutionProperties) = preSolution
		HideSolutionNode = FALSE
	EndGlobalSection
	GlobalSection(ExtensibilityGlobals) = postSolution
		SolutionGuid = {96A5DB63-E012-4619-84D1-8D5990F76621}
	EndGlobalSection
EndGlobal
